// !$*UTF8*$!
{
	archiveVersion = 1;
	classes = {
	};
	objectVersion = 50;
	objects = {

/* Begin PBXBuildFile section */
		76D8A008675F451A6A1782F1 /* Pods_Simulation.framework in Frameworks */ = {isa = PBXBuildFile; fileRef = E0B1FE2964BEBBC2BD95EE28 /* Pods_Simulation.framework */; };
		C90BEF6A220CCC33007F24A6 /* AppDelegate.swift in Sources */ = {isa = PBXBuildFile; fileRef = C90BEF69220CCC33007F24A6 /* AppDelegate.swift */; };
		C90BEF6C220CCC33007F24A6 /* DashboardViewController.swift in Sources */ = {isa = PBXBuildFile; fileRef = C90BEF6B220CCC33007F24A6 /* DashboardViewController.swift */; };
		C90BEF6F220CCC33007F24A6 /* Main.storyboard in Resources */ = {isa = PBXBuildFile; fileRef = C90BEF6D220CCC33007F24A6 /* Main.storyboard */; };
		C90BEF72220CCC33007F24A6 /* simulation.xcdatamodeld in Sources */ = {isa = PBXBuildFile; fileRef = C90BEF70220CCC33007F24A6 /* simulation.xcdatamodeld */; };
		C90BEF74220CCC38007F24A6 /* Assets.xcassets in Resources */ = {isa = PBXBuildFile; fileRef = C90BEF73220CCC38007F24A6 /* Assets.xcassets */; };
		C90BEF77220CCC38007F24A6 /* LaunchScreen.storyboard in Resources */ = {isa = PBXBuildFile; fileRef = C90BEF75220CCC38007F24A6 /* LaunchScreen.storyboard */; };
		C90BEF80220CD123007F24A6 /* SimulationListViewController.swift in Sources */ = {isa = PBXBuildFile; fileRef = C90BEF7F220CD123007F24A6 /* SimulationListViewController.swift */; };
		C910482B222D55FA00EE8FDB /* CollectionExtension.swift in Sources */ = {isa = PBXBuildFile; fileRef = C910482A222D55FA00EE8FDB /* CollectionExtension.swift */; };
		C910482D222D7F8500EE8FDB /* SituationDetailViewController.swift in Sources */ = {isa = PBXBuildFile; fileRef = C910482C222D7F8500EE8FDB /* SituationDetailViewController.swift */; };
		C910482F222D803D00EE8FDB /* PolicyDetailViewController.swift in Sources */ = {isa = PBXBuildFile; fileRef = C910482E222D803D00EE8FDB /* PolicyDetailViewController.swift */; };
		C9104833222DB96000EE8FDB /* PolicySelectionController.swift in Sources */ = {isa = PBXBuildFile; fileRef = C9104832222DB96000EE8FDB /* PolicySelectionController.swift */; };
		C982EC8C221F0137007AB8B2 /* OnboardingViewController.swift in Sources */ = {isa = PBXBuildFile; fileRef = C982EC8B221F0137007AB8B2 /* OnboardingViewController.swift */; };
		C982EC8E221F02B2007AB8B2 /* ApplicationLaunch.swift in Sources */ = {isa = PBXBuildFile; fileRef = C982EC8D221F02B2007AB8B2 /* ApplicationLaunch.swift */; };
		C982EC92221F28BB007AB8B2 /* SettingsViewController.swift in Sources */ = {isa = PBXBuildFile; fileRef = C982EC91221F28BB007AB8B2 /* SettingsViewController.swift */; };
		C982EC94221F295E007AB8B2 /* SettingsViewModel.swift in Sources */ = {isa = PBXBuildFile; fileRef = C982EC93221F295E007AB8B2 /* SettingsViewModel.swift */; };
		C982EC9A222407E6007AB8B2 /* OnboardingDetailViewController.swift in Sources */ = {isa = PBXBuildFile; fileRef = C982EC99222407E6007AB8B2 /* OnboardingDetailViewController.swift */; };
		C982EC9C2224085E007AB8B2 /* OnboardingDetailViewModel.swift in Sources */ = {isa = PBXBuildFile; fileRef = C982EC9B2224085E007AB8B2 /* OnboardingDetailViewModel.swift */; };
		C982EC9E222408F5007AB8B2 /* OnboardingViewModel.swift in Sources */ = {isa = PBXBuildFile; fileRef = C982EC9D222408F5007AB8B2 /* OnboardingViewModel.swift */; };
		C982ECAA22244A2A007AB8B2 /* SwiftLogExtension.swift in Sources */ = {isa = PBXBuildFile; fileRef = C982ECA922244A2A007AB8B2 /* SwiftLogExtension.swift */; };
		C982ECAC22247106007AB8B2 /* GroupListViewController.swift in Sources */ = {isa = PBXBuildFile; fileRef = C982ECAB22247106007AB8B2 /* GroupListViewController.swift */; };
		C982ECAE22247373007AB8B2 /* GroupListViewModel.swift in Sources */ = {isa = PBXBuildFile; fileRef = C982ECAD22247373007AB8B2 /* GroupListViewModel.swift */; };
		C982ECB022247560007AB8B2 /* GroupDetailViewModel.swift in Sources */ = {isa = PBXBuildFile; fileRef = C982ECAF22247560007AB8B2 /* GroupDetailViewModel.swift */; };
		C982ECB222248350007AB8B2 /* SmartSimulationFramework.framework in Frameworks */ = {isa = PBXBuildFile; fileRef = C982ECB122248350007AB8B2 /* SmartSimulationFramework.framework */; };
		C982ECB322248350007AB8B2 /* SmartSimulationFramework.framework in Embed Frameworks */ = {isa = PBXBuildFile; fileRef = C982ECB122248350007AB8B2 /* SmartSimulationFramework.framework */; settings = {ATTRIBUTES = (CodeSignOnCopy, RemoveHeadersOnCopy, ); }; };
		C9CE2C77220DB1DD00D94B8C /* ViewModelDelegate.swift in Sources */ = {isa = PBXBuildFile; fileRef = C9CE2C76220DB1DD00D94B8C /* ViewModelDelegate.swift */; };
		C9CE2C79220DB1F000D94B8C /* ViewModelType.swift in Sources */ = {isa = PBXBuildFile; fileRef = C9CE2C78220DB1F000D94B8C /* ViewModelType.swift */; };
		C9CE2C7B220DB21600D94B8C /* SimulationListViewModel.swift in Sources */ = {isa = PBXBuildFile; fileRef = C9CE2C7A220DB21600D94B8C /* SimulationListViewModel.swift */; };
		C9CE2C7E220DC26800D94B8C /* R.generated.swift in Sources */ = {isa = PBXBuildFile; fileRef = C9CE2C7D220DC26800D94B8C /* R.generated.swift */; };
		C9CE2C83220DC78700D94B8C /* README.md in Resources */ = {isa = PBXBuildFile; fileRef = C9CE2C82220DC78700D94B8C /* README.md */; };
		C9CE2C85220DD26D00D94B8C /* SimulationDetailViewController.swift in Sources */ = {isa = PBXBuildFile; fileRef = C9CE2C84220DD26D00D94B8C /* SimulationDetailViewController.swift */; };
		C9CE2C87220DD38A00D94B8C /* Delay.swift in Sources */ = {isa = PBXBuildFile; fileRef = C9CE2C86220DD38A00D94B8C /* Delay.swift */; };
		C9CE2C8B2214514800D94B8C /* Localizable.strings in Resources */ = {isa = PBXBuildFile; fileRef = C9CE2C8A2214514800D94B8C /* Localizable.strings */; };
		C9CE2C8D2214519F00D94B8C /* Default-568h@2x.png in Resources */ = {isa = PBXBuildFile; fileRef = C9CE2C8C2214519F00D94B8C /* Default-568h@2x.png */; };
		C9CE2D2E2215E03A00D94B8C /* GlobalSimulationManager.swift in Sources */ = {isa = PBXBuildFile; fileRef = C9CE2D2D2215E03A00D94B8C /* GlobalSimulationManager.swift */; };
		C9CE2D3022160D4F00D94B8C /* ColorExtension.swift in Sources */ = {isa = PBXBuildFile; fileRef = C9CE2D2F22160D4F00D94B8C /* ColorExtension.swift */; };
		C9CE2D322216906000D94B8C /* App.swift in Sources */ = {isa = PBXBuildFile; fileRef = C9CE2D312216906000D94B8C /* App.swift */; };
		C9CE2D372218ADBD00D94B8C /* UITableViewExtension.swift in Sources */ = {isa = PBXBuildFile; fileRef = C9CE2D362218ADBC00D94B8C /* UITableViewExtension.swift */; };
		C9CE2D392218B0EA00D94B8C /* TableViewNameCell.swift in Sources */ = {isa = PBXBuildFile; fileRef = C9CE2D382218B0EA00D94B8C /* TableViewNameCell.swift */; };
		C9CE2D3B2218B10E00D94B8C /* TableViewNameCell.xib in Resources */ = {isa = PBXBuildFile; fileRef = C9CE2D3A2218B10E00D94B8C /* TableViewNameCell.xib */; };
		C9CE2D3D2219E63B00D94B8C /* DetailViewModel.swift in Sources */ = {isa = PBXBuildFile; fileRef = C9CE2D3C2219E63B00D94B8C /* DetailViewModel.swift */; };
		C9CE2D3F2219F31C00D94B8C /* TableViewDescriptionCell.swift in Sources */ = {isa = PBXBuildFile; fileRef = C9CE2D3E2219F31C00D94B8C /* TableViewDescriptionCell.swift */; };
		C9CE2D412219F37A00D94B8C /* TableViewDescriptionCell.xib in Resources */ = {isa = PBXBuildFile; fileRef = C9CE2D402219F37900D94B8C /* TableViewDescriptionCell.xib */; };
		C9CE2D43221A01A100D94B8C /* TableViewValueCell.swift in Sources */ = {isa = PBXBuildFile; fileRef = C9CE2D42221A01A100D94B8C /* TableViewValueCell.swift */; };
		C9CE2D45221A01F700D94B8C /* TableViewValueCell.xib in Resources */ = {isa = PBXBuildFile; fileRef = C9CE2D44221A01F700D94B8C /* TableViewValueCell.xib */; };
		C9CE2D47221A038B00D94B8C /* TableViewCategoryCell.swift in Sources */ = {isa = PBXBuildFile; fileRef = C9CE2D46221A038B00D94B8C /* TableViewCategoryCell.swift */; };
		C9CE2D49221A03E900D94B8C /* TableViewCategoryCell.xib in Resources */ = {isa = PBXBuildFile; fileRef = C9CE2D48221A03E900D94B8C /* TableViewCategoryCell.xib */; };
		C9CE2D4B221B491D00D94B8C /* TableViewRelationCell.swift in Sources */ = {isa = PBXBuildFile; fileRef = C9CE2D4A221B491D00D94B8C /* TableViewRelationCell.swift */; };
		C9CE2D4D221B498300D94B8C /* TableViewRelationCell.xib in Resources */ = {isa = PBXBuildFile; fileRef = C9CE2D4C221B498300D94B8C /* TableViewRelationCell.xib */; };
		C9CE2D4F221C217E00D94B8C /* GoogleService-Info.plist in Resources */ = {isa = PBXBuildFile; fileRef = C9CE2D4E221C217D00D94B8C /* GoogleService-Info.plist */; };
		C9CE2D51221C23C200D94B8C /* AppAnalytics.swift in Sources */ = {isa = PBXBuildFile; fileRef = C9CE2D50221C23C200D94B8C /* AppAnalytics.swift */; };
		C9CE2D53221C95A900D94B8C /* DashboardViewModel.swift in Sources */ = {isa = PBXBuildFile; fileRef = C9CE2D52221C95A900D94B8C /* DashboardViewModel.swift */; };
		C9CE2D55221C9EC900D94B8C /* ArrayExtension.swift in Sources */ = {isa = PBXBuildFile; fileRef = C9CE2D54221C9EC900D94B8C /* ArrayExtension.swift */; };
		C9CE2D59221D469D00D94B8C /* ApplicationTabBarController.swift in Sources */ = {isa = PBXBuildFile; fileRef = C9CE2D58221D469D00D94B8C /* ApplicationTabBarController.swift */; };
/* End PBXBuildFile section */

/* Begin PBXCopyFilesBuildPhase section */
		C982ECA82224196B007AB8B2 /* Embed Frameworks */ = {
			isa = PBXCopyFilesBuildPhase;
			buildActionMask = 2147483647;
			dstPath = "";
			dstSubfolderSpec = 10;
			files = (
				C982ECB322248350007AB8B2 /* SmartSimulationFramework.framework in Embed Frameworks */,
			);
			name = "Embed Frameworks";
			runOnlyForDeploymentPostprocessing = 0;
		};
/* End PBXCopyFilesBuildPhase section */

/* Begin PBXFileReference section */
		1182ED4EAAFE3927190D0426 /* Pods-Simulation.release.xcconfig */ = {isa = PBXFileReference; includeInIndex = 1; lastKnownFileType = text.xcconfig; name = "Pods-Simulation.release.xcconfig"; path = "Pods/Target Support Files/Pods-Simulation/Pods-Simulation.release.xcconfig"; sourceTree = "<group>"; };
		33CFFD54834B47D57E5371BE /* Pods-Simulation.debug.xcconfig */ = {isa = PBXFileReference; includeInIndex = 1; lastKnownFileType = text.xcconfig; name = "Pods-Simulation.debug.xcconfig"; path = "Pods/Target Support Files/Pods-Simulation/Pods-Simulation.debug.xcconfig"; sourceTree = "<group>"; };
		C90BEF66220CCC33007F24A6 /* Simulation.app */ = {isa = PBXFileReference; explicitFileType = wrapper.application; includeInIndex = 0; path = Simulation.app; sourceTree = BUILT_PRODUCTS_DIR; };
		C90BEF69220CCC33007F24A6 /* AppDelegate.swift */ = {isa = PBXFileReference; lastKnownFileType = sourcecode.swift; path = AppDelegate.swift; sourceTree = "<group>"; };
		C90BEF6B220CCC33007F24A6 /* DashboardViewController.swift */ = {isa = PBXFileReference; lastKnownFileType = sourcecode.swift; path = DashboardViewController.swift; sourceTree = "<group>"; };
		C90BEF6E220CCC33007F24A6 /* Base */ = {isa = PBXFileReference; lastKnownFileType = file.storyboard; name = Base; path = Base.lproj/Main.storyboard; sourceTree = "<group>"; };
		C90BEF71220CCC33007F24A6 /* simulation.xcdatamodel */ = {isa = PBXFileReference; lastKnownFileType = wrapper.xcdatamodel; path = simulation.xcdatamodel; sourceTree = "<group>"; };
		C90BEF73220CCC38007F24A6 /* Assets.xcassets */ = {isa = PBXFileReference; lastKnownFileType = folder.assetcatalog; path = Assets.xcassets; sourceTree = "<group>"; };
		C90BEF76220CCC38007F24A6 /* Base */ = {isa = PBXFileReference; lastKnownFileType = file.storyboard; name = Base; path = Base.lproj/LaunchScreen.storyboard; sourceTree = "<group>"; };
		C90BEF78220CCC38007F24A6 /* Info.plist */ = {isa = PBXFileReference; lastKnownFileType = text.plist.xml; path = Info.plist; sourceTree = "<group>"; };
		C90BEF7F220CD123007F24A6 /* SimulationListViewController.swift */ = {isa = PBXFileReference; lastKnownFileType = sourcecode.swift; path = SimulationListViewController.swift; sourceTree = "<group>"; };
		C910482A222D55FA00EE8FDB /* CollectionExtension.swift */ = {isa = PBXFileReference; lastKnownFileType = sourcecode.swift; path = CollectionExtension.swift; sourceTree = "<group>"; };
		C910482C222D7F8500EE8FDB /* SituationDetailViewController.swift */ = {isa = PBXFileReference; lastKnownFileType = sourcecode.swift; path = SituationDetailViewController.swift; sourceTree = "<group>"; };
		C910482E222D803D00EE8FDB /* PolicyDetailViewController.swift */ = {isa = PBXFileReference; lastKnownFileType = sourcecode.swift; path = PolicyDetailViewController.swift; sourceTree = "<group>"; };
		C9104832222DB96000EE8FDB /* PolicySelectionController.swift */ = {isa = PBXFileReference; lastKnownFileType = sourcecode.swift; path = PolicySelectionController.swift; sourceTree = "<group>"; };
		C982EC8B221F0137007AB8B2 /* OnboardingViewController.swift */ = {isa = PBXFileReference; lastKnownFileType = sourcecode.swift; path = OnboardingViewController.swift; sourceTree = "<group>"; };
		C982EC8D221F02B2007AB8B2 /* ApplicationLaunch.swift */ = {isa = PBXFileReference; lastKnownFileType = sourcecode.swift; path = ApplicationLaunch.swift; sourceTree = "<group>"; };
		C982EC91221F28BB007AB8B2 /* SettingsViewController.swift */ = {isa = PBXFileReference; lastKnownFileType = sourcecode.swift; path = SettingsViewController.swift; sourceTree = "<group>"; };
		C982EC93221F295E007AB8B2 /* SettingsViewModel.swift */ = {isa = PBXFileReference; lastKnownFileType = sourcecode.swift; path = SettingsViewModel.swift; sourceTree = "<group>"; };
		C982EC99222407E6007AB8B2 /* OnboardingDetailViewController.swift */ = {isa = PBXFileReference; lastKnownFileType = sourcecode.swift; path = OnboardingDetailViewController.swift; sourceTree = "<group>"; };
		C982EC9B2224085E007AB8B2 /* OnboardingDetailViewModel.swift */ = {isa = PBXFileReference; lastKnownFileType = sourcecode.swift; path = OnboardingDetailViewModel.swift; sourceTree = "<group>"; };
		C982EC9D222408F5007AB8B2 /* OnboardingViewModel.swift */ = {isa = PBXFileReference; lastKnownFileType = sourcecode.swift; path = OnboardingViewModel.swift; sourceTree = "<group>"; };
		C982EC9F22241955007AB8B2 /* SmartSimulationFramework.framework */ = {isa = PBXFileReference; explicitFileType = wrapper.framework; path = SmartSimulationFramework.framework; sourceTree = BUILT_PRODUCTS_DIR; };
		C982ECA922244A2A007AB8B2 /* SwiftLogExtension.swift */ = {isa = PBXFileReference; lastKnownFileType = sourcecode.swift; path = SwiftLogExtension.swift; sourceTree = "<group>"; };
		C982ECAB22247106007AB8B2 /* GroupListViewController.swift */ = {isa = PBXFileReference; lastKnownFileType = sourcecode.swift; path = GroupListViewController.swift; sourceTree = "<group>"; };
		C982ECAD22247373007AB8B2 /* GroupListViewModel.swift */ = {isa = PBXFileReference; lastKnownFileType = sourcecode.swift; path = GroupListViewModel.swift; sourceTree = "<group>"; };
		C982ECAF22247560007AB8B2 /* GroupDetailViewModel.swift */ = {isa = PBXFileReference; lastKnownFileType = sourcecode.swift; path = GroupDetailViewModel.swift; sourceTree = "<group>"; };
		C982ECB122248350007AB8B2 /* SmartSimulationFramework.framework */ = {isa = PBXFileReference; explicitFileType = wrapper.framework; path = SmartSimulationFramework.framework; sourceTree = BUILT_PRODUCTS_DIR; };
		C9CE2C76220DB1DD00D94B8C /* ViewModelDelegate.swift */ = {isa = PBXFileReference; lastKnownFileType = sourcecode.swift; path = ViewModelDelegate.swift; sourceTree = "<group>"; };
		C9CE2C78220DB1F000D94B8C /* ViewModelType.swift */ = {isa = PBXFileReference; lastKnownFileType = sourcecode.swift; path = ViewModelType.swift; sourceTree = "<group>"; };
		C9CE2C7A220DB21600D94B8C /* SimulationListViewModel.swift */ = {isa = PBXFileReference; lastKnownFileType = sourcecode.swift; path = SimulationListViewModel.swift; sourceTree = "<group>"; };
		C9CE2C7D220DC26800D94B8C /* R.generated.swift */ = {isa = PBXFileReference; fileEncoding = 4; lastKnownFileType = sourcecode.swift; path = R.generated.swift; sourceTree = SOURCE_ROOT; };
		C9CE2C82220DC78700D94B8C /* README.md */ = {isa = PBXFileReference; fileEncoding = 4; lastKnownFileType = net.daringfireball.markdown; path = README.md; sourceTree = SOURCE_ROOT; };
		C9CE2C84220DD26D00D94B8C /* SimulationDetailViewController.swift */ = {isa = PBXFileReference; lastKnownFileType = sourcecode.swift; path = SimulationDetailViewController.swift; sourceTree = "<group>"; };
		C9CE2C86220DD38A00D94B8C /* Delay.swift */ = {isa = PBXFileReference; lastKnownFileType = sourcecode.swift; path = Delay.swift; sourceTree = "<group>"; };
		C9CE2C8A2214514800D94B8C /* Localizable.strings */ = {isa = PBXFileReference; lastKnownFileType = text.plist.strings; path = Localizable.strings; sourceTree = "<group>"; };
		C9CE2C8C2214519F00D94B8C /* Default-568h@2x.png */ = {isa = PBXFileReference; lastKnownFileType = image.png; path = "Default-568h@2x.png"; sourceTree = "<group>"; };
		C9CE2CC22215D10800D94B8C /* SmartSimulationFramework.framework */ = {isa = PBXFileReference; explicitFileType = wrapper.framework; path = SmartSimulationFramework.framework; sourceTree = BUILT_PRODUCTS_DIR; };
		C9CE2D2D2215E03A00D94B8C /* GlobalSimulationManager.swift */ = {isa = PBXFileReference; lastKnownFileType = sourcecode.swift; path = GlobalSimulationManager.swift; sourceTree = "<group>"; };
		C9CE2D2F22160D4F00D94B8C /* ColorExtension.swift */ = {isa = PBXFileReference; lastKnownFileType = sourcecode.swift; path = ColorExtension.swift; sourceTree = "<group>"; };
		C9CE2D312216906000D94B8C /* App.swift */ = {isa = PBXFileReference; lastKnownFileType = sourcecode.swift; path = App.swift; sourceTree = "<group>"; };
		C9CE2D362218ADBC00D94B8C /* UITableViewExtension.swift */ = {isa = PBXFileReference; lastKnownFileType = sourcecode.swift; path = UITableViewExtension.swift; sourceTree = "<group>"; };
		C9CE2D382218B0EA00D94B8C /* TableViewNameCell.swift */ = {isa = PBXFileReference; lastKnownFileType = sourcecode.swift; path = TableViewNameCell.swift; sourceTree = "<group>"; };
		C9CE2D3A2218B10E00D94B8C /* TableViewNameCell.xib */ = {isa = PBXFileReference; lastKnownFileType = file.xib; path = TableViewNameCell.xib; sourceTree = "<group>"; };
		C9CE2D3C2219E63B00D94B8C /* DetailViewModel.swift */ = {isa = PBXFileReference; lastKnownFileType = sourcecode.swift; path = DetailViewModel.swift; sourceTree = "<group>"; };
		C9CE2D3E2219F31C00D94B8C /* TableViewDescriptionCell.swift */ = {isa = PBXFileReference; lastKnownFileType = sourcecode.swift; path = TableViewDescriptionCell.swift; sourceTree = "<group>"; };
		C9CE2D402219F37900D94B8C /* TableViewDescriptionCell.xib */ = {isa = PBXFileReference; fileEncoding = 4; lastKnownFileType = file.xib; path = TableViewDescriptionCell.xib; sourceTree = "<group>"; };
		C9CE2D42221A01A100D94B8C /* TableViewValueCell.swift */ = {isa = PBXFileReference; lastKnownFileType = sourcecode.swift; path = TableViewValueCell.swift; sourceTree = "<group>"; };
		C9CE2D44221A01F700D94B8C /* TableViewValueCell.xib */ = {isa = PBXFileReference; fileEncoding = 4; lastKnownFileType = file.xib; path = TableViewValueCell.xib; sourceTree = "<group>"; };
		C9CE2D46221A038B00D94B8C /* TableViewCategoryCell.swift */ = {isa = PBXFileReference; lastKnownFileType = sourcecode.swift; path = TableViewCategoryCell.swift; sourceTree = "<group>"; };
		C9CE2D48221A03E900D94B8C /* TableViewCategoryCell.xib */ = {isa = PBXFileReference; fileEncoding = 4; lastKnownFileType = file.xib; path = TableViewCategoryCell.xib; sourceTree = "<group>"; };
		C9CE2D4A221B491D00D94B8C /* TableViewRelationCell.swift */ = {isa = PBXFileReference; lastKnownFileType = sourcecode.swift; path = TableViewRelationCell.swift; sourceTree = "<group>"; };
		C9CE2D4C221B498300D94B8C /* TableViewRelationCell.xib */ = {isa = PBXFileReference; fileEncoding = 4; lastKnownFileType = file.xib; path = TableViewRelationCell.xib; sourceTree = "<group>"; };
		C9CE2D4E221C217D00D94B8C /* GoogleService-Info.plist */ = {isa = PBXFileReference; fileEncoding = 4; lastKnownFileType = text.plist.xml; path = "GoogleService-Info.plist"; sourceTree = "<group>"; };
		C9CE2D50221C23C200D94B8C /* AppAnalytics.swift */ = {isa = PBXFileReference; lastKnownFileType = sourcecode.swift; path = AppAnalytics.swift; sourceTree = "<group>"; };
		C9CE2D52221C95A900D94B8C /* DashboardViewModel.swift */ = {isa = PBXFileReference; lastKnownFileType = sourcecode.swift; path = DashboardViewModel.swift; sourceTree = "<group>"; };
		C9CE2D54221C9EC900D94B8C /* ArrayExtension.swift */ = {isa = PBXFileReference; lastKnownFileType = sourcecode.swift; path = ArrayExtension.swift; sourceTree = "<group>"; };
		C9CE2D58221D469D00D94B8C /* ApplicationTabBarController.swift */ = {isa = PBXFileReference; lastKnownFileType = sourcecode.swift; path = ApplicationTabBarController.swift; sourceTree = "<group>"; };
		E0B1FE2964BEBBC2BD95EE28 /* Pods_Simulation.framework */ = {isa = PBXFileReference; explicitFileType = wrapper.framework; includeInIndex = 0; path = Pods_Simulation.framework; sourceTree = BUILT_PRODUCTS_DIR; };
/* End PBXFileReference section */

/* Begin PBXFrameworksBuildPhase section */
		C90BEF63220CCC33007F24A6 /* Frameworks */ = {
			isa = PBXFrameworksBuildPhase;
			buildActionMask = 2147483647;
			files = (
				C982ECB222248350007AB8B2 /* SmartSimulationFramework.framework in Frameworks */,
				76D8A008675F451A6A1782F1 /* Pods_Simulation.framework in Frameworks */,
			);
			runOnlyForDeploymentPostprocessing = 0;
		};
/* End PBXFrameworksBuildPhase section */

/* Begin PBXGroup section */
		0C4B134E0096A4687D51D671 /* Pods */ = {
			isa = PBXGroup;
			children = (
				33CFFD54834B47D57E5371BE /* Pods-Simulation.debug.xcconfig */,
				1182ED4EAAFE3927190D0426 /* Pods-Simulation.release.xcconfig */,
			);
			name = Pods;
			sourceTree = "<group>";
		};
		61AA0FB658D6936A4F879413 /* Frameworks */ = {
			isa = PBXGroup;
			children = (
				C982EC9F22241955007AB8B2 /* SmartSimulationFramework.framework */,
				C9CE2CC22215D10800D94B8C /* SmartSimulationFramework.framework */,
				E0B1FE2964BEBBC2BD95EE28 /* Pods_Simulation.framework */,
			);
			name = Frameworks;
			sourceTree = "<group>";
		};
		C90BEF5D220CCC33007F24A6 = {
			isa = PBXGroup;
			children = (
				C982ECB122248350007AB8B2 /* SmartSimulationFramework.framework */,
				C90BEF68220CCC33007F24A6 /* Simulation */,
				C90BEF67220CCC33007F24A6 /* Products */,
				0C4B134E0096A4687D51D671 /* Pods */,
				61AA0FB658D6936A4F879413 /* Frameworks */,
			);
			sourceTree = "<group>";
		};
		C90BEF67220CCC33007F24A6 /* Products */ = {
			isa = PBXGroup;
			children = (
				C90BEF66220CCC33007F24A6 /* Simulation.app */,
			);
			name = Products;
			sourceTree = "<group>";
		};
		C90BEF68220CCC33007F24A6 /* Simulation */ = {
			isa = PBXGroup;
			children = (
				C9CE2D332217436F00D94B8C /* View */,
				C9CE2C7F220DC40000D94B8C /* Data */,
				C9CE2C75220DB1CD00D94B8C /* Util */,
				C9CE2C74220DB09500D94B8C /* ViewModel */,
				C90BEF7E220CD093007F24A6 /* ViewController */,
				C9CE2C882214510B00D94B8C /* Storyboards */,
				C9CE2C892214511D00D94B8C /* Resources */,
				C90BEF78220CCC38007F24A6 /* Info.plist */,
				C9CE2D312216906000D94B8C /* App.swift */,
				C90BEF69220CCC33007F24A6 /* AppDelegate.swift */,
				C9CE2D50221C23C200D94B8C /* AppAnalytics.swift */,
				C9CE2C7D220DC26800D94B8C /* R.generated.swift */,
				C9CE2C82220DC78700D94B8C /* README.md */,
			);
			path = Simulation;
			sourceTree = "<group>";
		};
		C90BEF7E220CD093007F24A6 /* ViewController */ = {
			isa = PBXGroup;
			children = (
				C982EC8B221F0137007AB8B2 /* OnboardingViewController.swift */,
				C982EC99222407E6007AB8B2 /* OnboardingDetailViewController.swift */,
				C9CE2D58221D469D00D94B8C /* ApplicationTabBarController.swift */,
				C90BEF6B220CCC33007F24A6 /* DashboardViewController.swift */,
				C90BEF7F220CD123007F24A6 /* SimulationListViewController.swift */,
				C9CE2C84220DD26D00D94B8C /* SimulationDetailViewController.swift */,
				C910482C222D7F8500EE8FDB /* SituationDetailViewController.swift */,
				C910482E222D803D00EE8FDB /* PolicyDetailViewController.swift */,
				C982ECAB22247106007AB8B2 /* GroupListViewController.swift */,
				C982EC91221F28BB007AB8B2 /* SettingsViewController.swift */,
			);
			path = ViewController;
			sourceTree = "<group>";
		};
		C9CE2C74220DB09500D94B8C /* ViewModel */ = {
			isa = PBXGroup;
			children = (
				C982EC9D222408F5007AB8B2 /* OnboardingViewModel.swift */,
				C982EC9B2224085E007AB8B2 /* OnboardingDetailViewModel.swift */,
				C9CE2D52221C95A900D94B8C /* DashboardViewModel.swift */,
				C9CE2C7A220DB21600D94B8C /* SimulationListViewModel.swift */,
				C9CE2D3C2219E63B00D94B8C /* DetailViewModel.swift */,
				C982ECAD22247373007AB8B2 /* GroupListViewModel.swift */,
				C982ECAF22247560007AB8B2 /* GroupDetailViewModel.swift */,
				C982EC93221F295E007AB8B2 /* SettingsViewModel.swift */,
			);
			path = ViewModel;
			sourceTree = "<group>";
		};
		C9CE2C75220DB1CD00D94B8C /* Util */ = {
			isa = PBXGroup;
			children = (
				C9CE2C76220DB1DD00D94B8C /* ViewModelDelegate.swift */,
				C9CE2C78220DB1F000D94B8C /* ViewModelType.swift */,
				C9CE2C86220DD38A00D94B8C /* Delay.swift */,
				C9CE2D2F22160D4F00D94B8C /* ColorExtension.swift */,
				C9CE2D54221C9EC900D94B8C /* ArrayExtension.swift */,
				C982EC8D221F02B2007AB8B2 /* ApplicationLaunch.swift */,
				C982ECA922244A2A007AB8B2 /* SwiftLogExtension.swift */,
				C910482A222D55FA00EE8FDB /* CollectionExtension.swift */,
				C9104832222DB96000EE8FDB /* PolicySelectionController.swift */,
			);
			path = Util;
			sourceTree = "<group>";
		};
		C9CE2C7F220DC40000D94B8C /* Data */ = {
			isa = PBXGroup;
			children = (
				C9CE2D2D2215E03A00D94B8C /* GlobalSimulationManager.swift */,
			);
			path = Data;
			sourceTree = "<group>";
		};
		C9CE2C882214510B00D94B8C /* Storyboards */ = {
			isa = PBXGroup;
			children = (
				C90BEF6D220CCC33007F24A6 /* Main.storyboard */,
				C90BEF75220CCC38007F24A6 /* LaunchScreen.storyboard */,
			);
			path = Storyboards;
			sourceTree = "<group>";
		};
		C9CE2C892214511D00D94B8C /* Resources */ = {
			isa = PBXGroup;
			children = (
				C90BEF73220CCC38007F24A6 /* Assets.xcassets */,
				C9CE2C8C2214519F00D94B8C /* Default-568h@2x.png */,
				C90BEF70220CCC33007F24A6 /* simulation.xcdatamodeld */,
				C9CE2C8A2214514800D94B8C /* Localizable.strings */,
				C9CE2D4E221C217D00D94B8C /* GoogleService-Info.plist */,
			);
			path = Resources;
			sourceTree = "<group>";
		};
		C9CE2D332217436F00D94B8C /* View */ = {
			isa = PBXGroup;
			children = (
				C9CE2D362218ADBC00D94B8C /* UITableViewExtension.swift */,
				C9CE2D382218B0EA00D94B8C /* TableViewNameCell.swift */,
				C9CE2D3A2218B10E00D94B8C /* TableViewNameCell.xib */,
				C9CE2D3E2219F31C00D94B8C /* TableViewDescriptionCell.swift */,
				C9CE2D402219F37900D94B8C /* TableViewDescriptionCell.xib */,
				C9CE2D46221A038B00D94B8C /* TableViewCategoryCell.swift */,
				C9CE2D48221A03E900D94B8C /* TableViewCategoryCell.xib */,
				C9CE2D42221A01A100D94B8C /* TableViewValueCell.swift */,
				C9CE2D44221A01F700D94B8C /* TableViewValueCell.xib */,
				C9CE2D4A221B491D00D94B8C /* TableViewRelationCell.swift */,
				C9CE2D4C221B498300D94B8C /* TableViewRelationCell.xib */,
			);
			path = View;
			sourceTree = "<group>";
		};
/* End PBXGroup section */

/* Begin PBXNativeTarget section */
		C90BEF65220CCC33007F24A6 /* Simulation */ = {
			isa = PBXNativeTarget;
			buildConfigurationList = C90BEF7B220CCC38007F24A6 /* Build configuration list for PBXNativeTarget "Simulation" */;
			buildPhases = (
				BD25922DCBBA23DC85AF4488 /* [CP] Check Pods Manifest.lock */,
				C9CE2C7C220DB43200D94B8C /* ShellScript */,
				C90BEF62220CCC33007F24A6 /* Sources */,
				C90BEF63220CCC33007F24A6 /* Frameworks */,
				C90BEF64220CCC33007F24A6 /* Resources */,
				3685BB91E31DFD8B07AB76AA /* [CP] Embed Pods Frameworks */,
				C982ECA82224196B007AB8B2 /* Embed Frameworks */,
			);
			buildRules = (
			);
			dependencies = (
			);
			name = Simulation;
			productName = simulation;
			productReference = C90BEF66220CCC33007F24A6 /* Simulation.app */;
			productType = "com.apple.product-type.application";
		};
/* End PBXNativeTarget section */

/* Begin PBXProject section */
		C90BEF5E220CCC33007F24A6 /* Project object */ = {
			isa = PBXProject;
			attributes = {
				LastSwiftUpdateCheck = 1010;
				LastUpgradeCheck = 1010;
				ORGANIZATIONNAME = "Michael Rommel";
				TargetAttributes = {
					C90BEF65220CCC33007F24A6 = {
						CreatedOnToolsVersion = 10.1;
					};
				};
			};
			buildConfigurationList = C90BEF61220CCC33007F24A6 /* Build configuration list for PBXProject "Simulation" */;
			compatibilityVersion = "Xcode 9.3";
			developmentRegion = en;
			hasScannedForEncodings = 0;
			knownRegions = (
				en,
				Base,
			);
			mainGroup = C90BEF5D220CCC33007F24A6;
			productRefGroup = C90BEF67220CCC33007F24A6 /* Products */;
			projectDirPath = "";
			projectRoot = "";
			targets = (
				C90BEF65220CCC33007F24A6 /* Simulation */,
			);
		};
/* End PBXProject section */

/* Begin PBXResourcesBuildPhase section */
		C90BEF64220CCC33007F24A6 /* Resources */ = {
			isa = PBXResourcesBuildPhase;
			buildActionMask = 2147483647;
			files = (
				C9CE2C8B2214514800D94B8C /* Localizable.strings in Resources */,
				C90BEF77220CCC38007F24A6 /* LaunchScreen.storyboard in Resources */,
				C90BEF74220CCC38007F24A6 /* Assets.xcassets in Resources */,
				C9CE2C83220DC78700D94B8C /* README.md in Resources */,
				C9CE2D412219F37A00D94B8C /* TableViewDescriptionCell.xib in Resources */,
				C9CE2D4F221C217E00D94B8C /* GoogleService-Info.plist in Resources */,
				C90BEF6F220CCC33007F24A6 /* Main.storyboard in Resources */,
				C9CE2C8D2214519F00D94B8C /* Default-568h@2x.png in Resources */,
				C9CE2D49221A03E900D94B8C /* TableViewCategoryCell.xib in Resources */,
				C9CE2D4D221B498300D94B8C /* TableViewRelationCell.xib in Resources */,
				C9CE2D45221A01F700D94B8C /* TableViewValueCell.xib in Resources */,
				C9CE2D3B2218B10E00D94B8C /* TableViewNameCell.xib in Resources */,
			);
			runOnlyForDeploymentPostprocessing = 0;
		};
/* End PBXResourcesBuildPhase section */

/* Begin PBXShellScriptBuildPhase section */
		3685BB91E31DFD8B07AB76AA /* [CP] Embed Pods Frameworks */ = {
			isa = PBXShellScriptBuildPhase;
			buildActionMask = 2147483647;
			files = (
			);
			inputFileListPaths = (
			);
			inputPaths = (
				"${SRCROOT}/Pods/Target Support Files/Pods-Simulation/Pods-Simulation-frameworks.sh",
				"${BUILT_PRODUCTS_DIR}/GoogleUtilities/GoogleUtilities.framework",
				"${BUILT_PRODUCTS_DIR}/R.swift.Library/Rswift.framework",
				"${BUILT_PRODUCTS_DIR}/SwiftLog/SwiftLog.framework",
				"${BUILT_PRODUCTS_DIR}/nanopb/nanopb.framework",
			);
			name = "[CP] Embed Pods Frameworks";
			outputFileListPaths = (
			);
			outputPaths = (
				"${TARGET_BUILD_DIR}/${FRAMEWORKS_FOLDER_PATH}/GoogleUtilities.framework",
				"${TARGET_BUILD_DIR}/${FRAMEWORKS_FOLDER_PATH}/Rswift.framework",
				"${TARGET_BUILD_DIR}/${FRAMEWORKS_FOLDER_PATH}/SwiftLog.framework",
				"${TARGET_BUILD_DIR}/${FRAMEWORKS_FOLDER_PATH}/nanopb.framework",
			);
			runOnlyForDeploymentPostprocessing = 0;
			shellPath = /bin/sh;
			shellScript = "\"${SRCROOT}/Pods/Target Support Files/Pods-Simulation/Pods-Simulation-frameworks.sh\"\n";
			showEnvVarsInLog = 0;
		};
		BD25922DCBBA23DC85AF4488 /* [CP] Check Pods Manifest.lock */ = {
			isa = PBXShellScriptBuildPhase;
			buildActionMask = 2147483647;
			files = (
			);
			inputFileListPaths = (
			);
			inputPaths = (
				"${PODS_PODFILE_DIR_PATH}/Podfile.lock",
				"${PODS_ROOT}/Manifest.lock",
			);
			name = "[CP] Check Pods Manifest.lock";
			outputFileListPaths = (
			);
			outputPaths = (
				"$(DERIVED_FILE_DIR)/Pods-Simulation-checkManifestLockResult.txt",
			);
			runOnlyForDeploymentPostprocessing = 0;
			shellPath = /bin/sh;
			shellScript = "diff \"${PODS_PODFILE_DIR_PATH}/Podfile.lock\" \"${PODS_ROOT}/Manifest.lock\" > /dev/null\nif [ $? != 0 ] ; then\n    # print error to STDERR\n    echo \"error: The sandbox is not in sync with the Podfile.lock. Run 'pod install' or update your CocoaPods installation.\" >&2\n    exit 1\nfi\n# This output is used by Xcode 'outputs' to avoid re-running this script phase.\necho \"SUCCESS\" > \"${SCRIPT_OUTPUT_FILE_0}\"\n";
			showEnvVarsInLog = 0;
		};
		C9CE2C7C220DB43200D94B8C /* ShellScript */ = {
			isa = PBXShellScriptBuildPhase;
			buildActionMask = 2147483647;
			files = (
			);
			inputFileListPaths = (
			);
			inputPaths = (
				"$TEMP_DIR/rswift-lastrun",
			);
			outputFileListPaths = (
			);
			outputPaths = (
				$SRCROOT/R.generated.swift,
			);
			runOnlyForDeploymentPostprocessing = 0;
			shellPath = /bin/sh;
			shellScript = "\"$PODS_ROOT/R.swift/rswift\" generate \"$SRCROOT/R.generated.swift\"\n";
		};
/* End PBXShellScriptBuildPhase section */

/* Begin PBXSourcesBuildPhase section */
		C90BEF62220CCC33007F24A6 /* Sources */ = {
			isa = PBXSourcesBuildPhase;
			buildActionMask = 2147483647;
			files = (
				C9CE2D322216906000D94B8C /* App.swift in Sources */,
				C9CE2C87220DD38A00D94B8C /* Delay.swift in Sources */,
				C9CE2D59221D469D00D94B8C /* ApplicationTabBarController.swift in Sources */,
				C9CE2D2E2215E03A00D94B8C /* GlobalSimulationManager.swift in Sources */,
				C982EC9A222407E6007AB8B2 /* OnboardingDetailViewController.swift in Sources */,
				C90BEF72220CCC33007F24A6 /* simulation.xcdatamodeld in Sources */,
				C982ECAC22247106007AB8B2 /* GroupListViewController.swift in Sources */,
				C982EC94221F295E007AB8B2 /* SettingsViewModel.swift in Sources */,
				C982ECAE22247373007AB8B2 /* GroupListViewModel.swift in Sources */,
				C910482D222D7F8500EE8FDB /* SituationDetailViewController.swift in Sources */,
				C9CE2D51221C23C200D94B8C /* AppAnalytics.swift in Sources */,
				C982EC8E221F02B2007AB8B2 /* ApplicationLaunch.swift in Sources */,
				C9CE2D3022160D4F00D94B8C /* ColorExtension.swift in Sources */,
				C90BEF80220CD123007F24A6 /* SimulationListViewController.swift in Sources */,
				C9CE2C85220DD26D00D94B8C /* SimulationDetailViewController.swift in Sources */,
				C9104833222DB96000EE8FDB /* PolicySelectionController.swift in Sources */,
				C9CE2D47221A038B00D94B8C /* TableViewCategoryCell.swift in Sources */,
				C9CE2C7B220DB21600D94B8C /* SimulationListViewModel.swift in Sources */,
				C982ECB022247560007AB8B2 /* GroupDetailViewModel.swift in Sources */,
				C9CE2D55221C9EC900D94B8C /* ArrayExtension.swift in Sources */,
				C982EC8C221F0137007AB8B2 /* OnboardingViewController.swift in Sources */,
				C9CE2C7E220DC26800D94B8C /* R.generated.swift in Sources */,
				C982EC9E222408F5007AB8B2 /* OnboardingViewModel.swift in Sources */,
				C910482B222D55FA00EE8FDB /* CollectionExtension.swift in Sources */,
				C9CE2D3D2219E63B00D94B8C /* DetailViewModel.swift in Sources */,
				C9CE2D4B221B491D00D94B8C /* TableViewRelationCell.swift in Sources */,
				C9CE2C79220DB1F000D94B8C /* ViewModelType.swift in Sources */,
				C90BEF6C220CCC33007F24A6 /* DashboardViewController.swift in Sources */,
				C9CE2D53221C95A900D94B8C /* DashboardViewModel.swift in Sources */,
				C9CE2D392218B0EA00D94B8C /* TableViewNameCell.swift in Sources */,
				C982EC92221F28BB007AB8B2 /* SettingsViewController.swift in Sources */,
				C9CE2D43221A01A100D94B8C /* TableViewValueCell.swift in Sources */,
				C9CE2C77220DB1DD00D94B8C /* ViewModelDelegate.swift in Sources */,
				C982EC9C2224085E007AB8B2 /* OnboardingDetailViewModel.swift in Sources */,
				C910482F222D803D00EE8FDB /* PolicyDetailViewController.swift in Sources */,
				C982ECAA22244A2A007AB8B2 /* SwiftLogExtension.swift in Sources */,
				C9CE2D3F2219F31C00D94B8C /* TableViewDescriptionCell.swift in Sources */,
				C90BEF6A220CCC33007F24A6 /* AppDelegate.swift in Sources */,
				C9CE2D372218ADBD00D94B8C /* UITableViewExtension.swift in Sources */,
			);
			runOnlyForDeploymentPostprocessing = 0;
		};
/* End PBXSourcesBuildPhase section */

/* Begin PBXVariantGroup section */
		C90BEF6D220CCC33007F24A6 /* Main.storyboard */ = {
			isa = PBXVariantGroup;
			children = (
				C90BEF6E220CCC33007F24A6 /* Base */,
			);
			name = Main.storyboard;
			sourceTree = "<group>";
		};
		C90BEF75220CCC38007F24A6 /* LaunchScreen.storyboard */ = {
			isa = PBXVariantGroup;
			children = (
				C90BEF76220CCC38007F24A6 /* Base */,
			);
			name = LaunchScreen.storyboard;
			sourceTree = "<group>";
		};
/* End PBXVariantGroup section */

/* Begin XCBuildConfiguration section */
		C90BEF79220CCC38007F24A6 /* Debug */ = {
			isa = XCBuildConfiguration;
			buildSettings = {
				ALWAYS_SEARCH_USER_PATHS = NO;
				CLANG_ANALYZER_NONNULL = YES;
				CLANG_ANALYZER_NUMBER_OBJECT_CONVERSION = YES_AGGRESSIVE;
				CLANG_CXX_LANGUAGE_STANDARD = "gnu++14";
				CLANG_CXX_LIBRARY = "libc++";
				CLANG_ENABLE_MODULES = YES;
				CLANG_ENABLE_OBJC_ARC = YES;
				CLANG_ENABLE_OBJC_WEAK = YES;
				CLANG_WARN_BLOCK_CAPTURE_AUTORELEASING = YES;
				CLANG_WARN_BOOL_CONVERSION = YES;
				CLANG_WARN_COMMA = YES;
				CLANG_WARN_CONSTANT_CONVERSION = YES;
				CLANG_WARN_DEPRECATED_OBJC_IMPLEMENTATIONS = YES;
				CLANG_WARN_DIRECT_OBJC_ISA_USAGE = YES_ERROR;
				CLANG_WARN_DOCUMENTATION_COMMENTS = YES;
				CLANG_WARN_EMPTY_BODY = YES;
				CLANG_WARN_ENUM_CONVERSION = YES;
				CLANG_WARN_INFINITE_RECURSION = YES;
				CLANG_WARN_INT_CONVERSION = YES;
				CLANG_WARN_NON_LITERAL_NULL_CONVERSION = YES;
				CLANG_WARN_OBJC_IMPLICIT_RETAIN_SELF = YES;
				CLANG_WARN_OBJC_LITERAL_CONVERSION = YES;
				CLANG_WARN_OBJC_ROOT_CLASS = YES_ERROR;
				CLANG_WARN_RANGE_LOOP_ANALYSIS = YES;
				CLANG_WARN_STRICT_PROTOTYPES = YES;
				CLANG_WARN_SUSPICIOUS_MOVE = YES;
				CLANG_WARN_UNGUARDED_AVAILABILITY = YES_AGGRESSIVE;
				CLANG_WARN_UNREACHABLE_CODE = YES;
				CLANG_WARN__DUPLICATE_METHOD_MATCH = YES;
				CODE_SIGN_IDENTITY = "iPhone Developer";
				COPY_PHASE_STRIP = NO;
				DEBUG_INFORMATION_FORMAT = dwarf;
				ENABLE_STRICT_OBJC_MSGSEND = YES;
				ENABLE_TESTABILITY = YES;
				GCC_C_LANGUAGE_STANDARD = gnu11;
				GCC_DYNAMIC_NO_PIC = NO;
				GCC_NO_COMMON_BLOCKS = YES;
				GCC_OPTIMIZATION_LEVEL = 0;
				GCC_PREPROCESSOR_DEFINITIONS = (
					"DEBUG=1",
					"$(inherited)",
				);
				GCC_WARN_64_TO_32_BIT_CONVERSION = YES;
				GCC_WARN_ABOUT_RETURN_TYPE = YES_ERROR;
				GCC_WARN_UNDECLARED_SELECTOR = YES;
				GCC_WARN_UNINITIALIZED_AUTOS = YES_AGGRESSIVE;
				GCC_WARN_UNUSED_FUNCTION = YES;
				GCC_WARN_UNUSED_VARIABLE = YES;
				IPHONEOS_DEPLOYMENT_TARGET = 12.1;
				MTL_ENABLE_DEBUG_INFO = INCLUDE_SOURCE;
				MTL_FAST_MATH = YES;
				ONLY_ACTIVE_ARCH = YES;
				SDKROOT = iphoneos;
				SWIFT_ACTIVE_COMPILATION_CONDITIONS = DEBUG;
				SWIFT_OPTIMIZATION_LEVEL = "-Onone";
			};
			name = Debug;
		};
		C90BEF7A220CCC38007F24A6 /* Release */ = {
			isa = XCBuildConfiguration;
			buildSettings = {
				ALWAYS_SEARCH_USER_PATHS = NO;
				CLANG_ANALYZER_NONNULL = YES;
				CLANG_ANALYZER_NUMBER_OBJECT_CONVERSION = YES_AGGRESSIVE;
				CLANG_CXX_LANGUAGE_STANDARD = "gnu++14";
				CLANG_CXX_LIBRARY = "libc++";
				CLANG_ENABLE_MODULES = YES;
				CLANG_ENABLE_OBJC_ARC = YES;
				CLANG_ENABLE_OBJC_WEAK = YES;
				CLANG_WARN_BLOCK_CAPTURE_AUTORELEASING = YES;
				CLANG_WARN_BOOL_CONVERSION = YES;
				CLANG_WARN_COMMA = YES;
				CLANG_WARN_CONSTANT_CONVERSION = YES;
				CLANG_WARN_DEPRECATED_OBJC_IMPLEMENTATIONS = YES;
				CLANG_WARN_DIRECT_OBJC_ISA_USAGE = YES_ERROR;
				CLANG_WARN_DOCUMENTATION_COMMENTS = YES;
				CLANG_WARN_EMPTY_BODY = YES;
				CLANG_WARN_ENUM_CONVERSION = YES;
				CLANG_WARN_INFINITE_RECURSION = YES;
				CLANG_WARN_INT_CONVERSION = YES;
				CLANG_WARN_NON_LITERAL_NULL_CONVERSION = YES;
				CLANG_WARN_OBJC_IMPLICIT_RETAIN_SELF = YES;
				CLANG_WARN_OBJC_LITERAL_CONVERSION = YES;
				CLANG_WARN_OBJC_ROOT_CLASS = YES_ERROR;
				CLANG_WARN_RANGE_LOOP_ANALYSIS = YES;
				CLANG_WARN_STRICT_PROTOTYPES = YES;
				CLANG_WARN_SUSPICIOUS_MOVE = YES;
				CLANG_WARN_UNGUARDED_AVAILABILITY = YES_AGGRESSIVE;
				CLANG_WARN_UNREACHABLE_CODE = YES;
				CLANG_WARN__DUPLICATE_METHOD_MATCH = YES;
				CODE_SIGN_IDENTITY = "iPhone Developer";
				COPY_PHASE_STRIP = NO;
				DEBUG_INFORMATION_FORMAT = "dwarf-with-dsym";
				ENABLE_NS_ASSERTIONS = NO;
				ENABLE_STRICT_OBJC_MSGSEND = YES;
				GCC_C_LANGUAGE_STANDARD = gnu11;
				GCC_NO_COMMON_BLOCKS = YES;
				GCC_WARN_64_TO_32_BIT_CONVERSION = YES;
				GCC_WARN_ABOUT_RETURN_TYPE = YES_ERROR;
				GCC_WARN_UNDECLARED_SELECTOR = YES;
				GCC_WARN_UNINITIALIZED_AUTOS = YES_AGGRESSIVE;
				GCC_WARN_UNUSED_FUNCTION = YES;
				GCC_WARN_UNUSED_VARIABLE = YES;
				IPHONEOS_DEPLOYMENT_TARGET = 12.1;
				MTL_ENABLE_DEBUG_INFO = NO;
				MTL_FAST_MATH = YES;
				SDKROOT = iphoneos;
				SWIFT_COMPILATION_MODE = wholemodule;
				SWIFT_OPTIMIZATION_LEVEL = "-O";
				VALIDATE_PRODUCT = YES;
			};
			name = Release;
		};
		C90BEF7C220CCC38007F24A6 /* Debug */ = {
			isa = XCBuildConfiguration;
			baseConfigurationReference = 33CFFD54834B47D57E5371BE /* Pods-Simulation.debug.xcconfig */;
			buildSettings = {
				ASSETCATALOG_COMPILER_APPICON_NAME = AppIcon;
				CODE_SIGN_STYLE = Automatic;
				DEVELOPMENT_TEAM = 3XR2XX99JT;
				INFOPLIST_FILE = simulation/Info.plist;
				LD_RUNPATH_SEARCH_PATHS = (
					"$(inherited)",
					"@executable_path/Frameworks",
				);
				ONLY_ACTIVE_ARCH = NO;
				PRODUCT_BUNDLE_IDENTIFIER = com.miro.simulation;
				PRODUCT_NAME = "$(TARGET_NAME)";
				SWIFT_VERSION = 4.2;
				TARGETED_DEVICE_FAMILY = "1,2";
			};
			name = Debug;
		};
		C90BEF7D220CCC38007F24A6 /* Release */ = {
			isa = XCBuildConfiguration;
			baseConfigurationReference = 1182ED4EAAFE3927190D0426 /* Pods-Simulation.release.xcconfig */;
			buildSettings = {
				ASSETCATALOG_COMPILER_APPICON_NAME = AppIcon;
				CODE_SIGN_STYLE = Automatic;
				DEVELOPMENT_TEAM = 3XR2XX99JT;
				INFOPLIST_FILE = simulation/Info.plist;
				LD_RUNPATH_SEARCH_PATHS = (
					"$(inherited)",
					"@executable_path/Frameworks",
				);
				PRODUCT_BUNDLE_IDENTIFIER = com.miro.simulation;
				PRODUCT_NAME = "$(TARGET_NAME)";
				SWIFT_VERSION = 4.2;
				TARGETED_DEVICE_FAMILY = "1,2";
			};
			name = Release;
		};
/* End XCBuildConfiguration section */

/* Begin XCConfigurationList section */
		C90BEF61220CCC33007F24A6 /* Build configuration list for PBXProject "Simulation" */ = {
			isa = XCConfigurationList;
			buildConfigurations = (
				C90BEF79220CCC38007F24A6 /* Debug */,
				C90BEF7A220CCC38007F24A6 /* Release */,
			);
			defaultConfigurationIsVisible = 0;
			defaultConfigurationName = Release;
		};
		C90BEF7B220CCC38007F24A6 /* Build configuration list for PBXNativeTarget "Simulation" */ = {
			isa = XCConfigurationList;
			buildConfigurations = (
				C90BEF7C220CCC38007F24A6 /* Debug */,
				C90BEF7D220CCC38007F24A6 /* Release */,
			);
			defaultConfigurationIsVisible = 0;
			defaultConfigurationName = Release;
		};
/* End XCConfigurationList section */

/* Begin XCVersionGroup section */
		C90BEF70220CCC33007F24A6 /* simulation.xcdatamodeld */ = {
			isa = XCVersionGroup;
			children = (
				C90BEF71220CCC33007F24A6 /* simulation.xcdatamodel */,
			);
			currentVersion = C90BEF71220CCC33007F24A6 /* simulation.xcdatamodel */;
			path = simulation.xcdatamodeld;
			sourceTree = "<group>";
			versionGroupType = wrapper.xcdatamodel;
		};
/* End XCVersionGroup section */
	};
	rootObject = C90BEF5E220CCC33007F24A6 /* Project object */;
}
